
Microsoft Visual Studio Solution File, Format Version 12.00
# Visual Studio Version 17
VisualStudioVersion = 17.0.32112.339
MinimumVisualStudioVersion = 10.0.40219.1
Project("{9A19103F-16F7-4668-BE54-9A1E7A4F7556}") = "Client", "src\Client\Client.csproj", "{073AD017-ED2F-47D7-B889-BC35E599BA17}"
EndProject
Project("{9A19103F-16F7-4668-BE54-9A1E7A4F7556}") = "Shared", "src\Shared\Shared.csproj", "{2A696A9E-7515-4363-B988-18FE7517C55E}"
EndProject
Project("{9A19103F-16F7-4668-BE54-9A1E7A4F7556}") = "Client.Infrastructure", "src\Client.Infrastructure\Client.Infrastructure.csproj", "{2025484E-679E-4E52-96C7-30DC9661E19C}"
EndProject
Project("{2150E333-8FDC-42A3-9474-1A3956D46DE8}") = "Source", "Source", "{67B3270B-822C-4D36-9F27-2F904456DB86}"
EndProject
Project("{2150E333-8FDC-42A3-9474-1A3956D46DE8}") = "Client", "Client", "{9226278E-BA17-49CE-BE88-76FA60B95EB1}"
EndProject
Project("{2150E333-8FDC-42A3-9474-1A3956D46DE8}") = "Server", "Server", "{5F40AE17-4370-4318-A736-698D9B3BE829}"
EndProject
Project("{2150E333-8FDC-42A3-9474-1A3956D46DE8}") = "Web", "Web", "{35D37767-6586-4C63-9D43-5E245CEAC783}"
EndProject
Project("{2150E333-8FDC-42A3-9474-1A3956D46DE8}") = "Shared", "Shared", "{AD1E5BED-780A-4F3B-AC3F-F634AAFA0E8C}"
EndProject
Project("{2150E333-8FDC-42A3-9474-1A3956D46DE8}") = "Core", "Core", "{1937EA71-00A5-42F0-A6D1-E73144E0865D}"
EndProject
Project("{9A19103F-16F7-4668-BE54-9A1E7A4F7556}") = "KandyWeb.Domain", "src\Serverless.Domain\KandyWeb.Domain\KandyWeb.Domain.csproj", "{DC4CD7FF-9EDA-4B4C-9796-BAE47FB291E3}"
EndProject
Project("{2150E333-8FDC-42A3-9474-1A3956D46DE8}") = "Infrastructure", "Infrastructure", "{2F659C47-B607-4C33-B4CD-6441A9C7D2E5}"
EndProject
Project("{9A19103F-16F7-4668-BE54-9A1E7A4F7556}") = "KandyWeb.Infrastructure", "src\Serverless.Infrastructure\KandyWeb.Infrastructure\KandyWeb.Infrastructure.csproj", "{0AE8C3A9-C13E-4796-AFF8-8A5E62306000}"
EndProject
Project("{9A19103F-16F7-4668-BE54-9A1E7A4F7556}") = "KandyWeb.Application", "src\Serverless.Application\KandyWeb.Application\KandyWeb.Application.csproj", "{3A53B877-6AD5-4C4A-99FB-D9A4DD1F22F8}"
EndProject
Project("{FAE04EC0-301F-11D3-BF4B-00C04F79EFBC}") = "Server.Api", "src\Server\Server.Api\Server.Api.csproj", "{47F7B747-664F-4FD4-A903-DF62EF84EEAA}"
EndProject
Global
	GlobalSection(SolutionConfigurationPlatforms) = preSolution
		Debug|Any CPU = Debug|Any CPU
		Release|Any CPU = Release|Any CPU
	EndGlobalSection
	GlobalSection(ProjectConfigurationPlatforms) = postSolution
		{073AD017-ED2F-47D7-B889-BC35E599BA17}.Debug|Any CPU.ActiveCfg = Debug|Any CPU
		{073AD017-ED2F-47D7-B889-BC35E599BA17}.Debug|Any CPU.Build.0 = Debug|Any CPU
		{073AD017-ED2F-47D7-B889-BC35E599BA17}.Release|Any CPU.ActiveCfg = Release|Any CPU
		{073AD017-ED2F-47D7-B889-BC35E599BA17}.Release|Any CPU.Build.0 = Release|Any CPU
		{2A696A9E-7515-4363-B988-18FE7517C55E}.Debug|Any CPU.ActiveCfg = Debug|Any CPU
		{2A696A9E-7515-4363-B988-18FE7517C55E}.Debug|Any CPU.Build.0 = Debug|Any CPU
		{2A696A9E-7515-4363-B988-18FE7517C55E}.Release|Any CPU.ActiveCfg = Release|Any CPU
		{2A696A9E-7515-4363-B988-18FE7517C55E}.Release|Any CPU.Build.0 = Release|Any CPU
		{2025484E-679E-4E52-96C7-30DC9661E19C}.Debug|Any CPU.ActiveCfg = Debug|Any CPU
		{2025484E-679E-4E52-96C7-30DC9661E19C}.Debug|Any CPU.Build.0 = Debug|Any CPU
		{2025484E-679E-4E52-96C7-30DC9661E19C}.Release|Any CPU.ActiveCfg = Release|Any CPU
		{2025484E-679E-4E52-96C7-30DC9661E19C}.Release|Any CPU.Build.0 = Release|Any CPU
		{DC4CD7FF-9EDA-4B4C-9796-BAE47FB291E3}.Debug|Any CPU.ActiveCfg = Debug|Any CPU
		{DC4CD7FF-9EDA-4B4C-9796-BAE47FB291E3}.Debug|Any CPU.Build.0 = Debug|Any CPU
		{DC4CD7FF-9EDA-4B4C-9796-BAE47FB291E3}.Release|Any CPU.ActiveCfg = Release|Any CPU
		{DC4CD7FF-9EDA-4B4C-9796-BAE47FB291E3}.Release|Any CPU.Build.0 = Release|Any CPU
		{0AE8C3A9-C13E-4796-AFF8-8A5E62306000}.Debug|Any CPU.ActiveCfg = Debug|Any CPU
		{0AE8C3A9-C13E-4796-AFF8-8A5E62306000}.Debug|Any CPU.Build.0 = Debug|Any CPU
		{0AE8C3A9-C13E-4796-AFF8-8A5E62306000}.Release|Any CPU.ActiveCfg = Release|Any CPU
		{0AE8C3A9-C13E-4796-AFF8-8A5E62306000}.Release|Any CPU.Build.0 = Release|Any CPU
		{3A53B877-6AD5-4C4A-99FB-D9A4DD1F22F8}.Debug|Any CPU.ActiveCfg = Debug|Any CPU
		{3A53B877-6AD5-4C4A-99FB-D9A4DD1F22F8}.Debug|Any CPU.Build.0 = Debug|Any CPU
		{3A53B877-6AD5-4C4A-99FB-D9A4DD1F22F8}.Release|Any CPU.ActiveCfg = Release|Any CPU
		{3A53B877-6AD5-4C4A-99FB-D9A4DD1F22F8}.Release|Any CPU.Build.0 = Release|Any CPU
		{47F7B747-664F-4FD4-A903-DF62EF84EEAA}.Debug|Any CPU.ActiveCfg = Debug|Any CPU
		{47F7B747-664F-4FD4-A903-DF62EF84EEAA}.Debug|Any CPU.Build.0 = Debug|Any CPU
		{47F7B747-664F-4FD4-A903-DF62EF84EEAA}.Release|Any CPU.ActiveCfg = Release|Any CPU
		{47F7B747-664F-4FD4-A903-DF62EF84EEAA}.Release|Any CPU.Build.0 = Release|Any CPU
	EndGlobalSection
	GlobalSection(SolutionProperties) = preSolution
		HideSolutionNode = FALSE
	EndGlobalSection
	GlobalSection(NestedProjects) = preSolution
		{073AD017-ED2F-47D7-B889-BC35E599BA17} = {9226278E-BA17-49CE-BE88-76FA60B95EB1}
		{2A696A9E-7515-4363-B988-18FE7517C55E} = {AD1E5BED-780A-4F3B-AC3F-F634AAFA0E8C}
		{2025484E-679E-4E52-96C7-30DC9661E19C} = {9226278E-BA17-49CE-BE88-76FA60B95EB1}
		{9226278E-BA17-49CE-BE88-76FA60B95EB1} = {35D37767-6586-4C63-9D43-5E245CEAC783}
		{5F40AE17-4370-4318-A736-698D9B3BE829} = {35D37767-6586-4C63-9D43-5E245CEAC783}
		{35D37767-6586-4C63-9D43-5E245CEAC783} = {67B3270B-822C-4D36-9F27-2F904456DB86}
		{1937EA71-00A5-42F0-A6D1-E73144E0865D} = {67B3270B-822C-4D36-9F27-2F904456DB86}
		{DC4CD7FF-9EDA-4B4C-9796-BAE47FB291E3} = {1937EA71-00A5-42F0-A6D1-E73144E0865D}
		{2F659C47-B607-4C33-B4CD-6441A9C7D2E5} = {67B3270B-822C-4D36-9F27-2F904456DB86}
		{0AE8C3A9-C13E-4796-AFF8-8A5E62306000} = {2F659C47-B607-4C33-B4CD-6441A9C7D2E5}
		{3A53B877-6AD5-4C4A-99FB-D9A4DD1F22F8} = {1937EA71-00A5-42F0-A6D1-E73144E0865D}
		{47F7B747-664F-4FD4-A903-DF62EF84EEAA} = {5F40AE17-4370-4318-A736-698D9B3BE829}
	EndGlobalSection
	GlobalSection(ExtensibilityGlobals) = postSolution
		SolutionGuid = {AB272987-672E-490A-9F52-D2AA7168731A}
	EndGlobalSection
EndGlobal
